
Microsoft Visual Studio Solution File, Format Version 12.00
# Visual Studio Version 16
VisualStudioVersion = 16.0.29728.190
MinimumVisualStudioVersion = 10.0.40219.1
Project("{FAE04EC0-301F-11D3-BF4B-00C04F79EFBC}") = "PiljetterCustomerGUI", "Piljetter\PiljetterCustomerGUI.csproj", "{7AEA9E95-F3DD-4658-996E-1B0F1A45605C}"
EndProject
Project("{FAE04EC0-301F-11D3-BF4B-00C04F79EFBC}") = "PiljettAdminGUI", "PiljettAdminGUI\PiljettAdminGUI.csproj", "{7AE7A069-D6E8-4550-9F34-91BBEA7B8367}"
EndProject
Project("{FAE04EC0-301F-11D3-BF4B-00C04F79EFBC}") = "ClassLibrary", "ClassLibraryReborn\ClassLibrary.csproj", "{CE24AE19-F36A-4BC2-AD16-7E7086D03DF4}"
EndProject
Project("{FAE04EC0-301F-11D3-BF4B-00C04F79EFBC}") = "ConsoleApp", "ConsoleApp\ConsoleApp.csproj", "{9496A076-2FFF-43A6-9337-553DCC2A35D6}"
EndProject
Global
	GlobalSection(SolutionConfigurationPlatforms) = preSolution
		Debug|Any CPU = Debug|Any CPU
		Release|Any CPU = Release|Any CPU
	EndGlobalSection
	GlobalSection(ProjectConfigurationPlatforms) = postSolution
		{7AEA9E95-F3DD-4658-996E-1B0F1A45605C}.Debug|Any CPU.ActiveCfg = Debug|Any CPU
		{7AEA9E95-F3DD-4658-996E-1B0F1A45605C}.Debug|Any CPU.Build.0 = Debug|Any CPU
		{7AEA9E95-F3DD-4658-996E-1B0F1A45605C}.Release|Any CPU.ActiveCfg = Release|Any CPU
		{7AEA9E95-F3DD-4658-996E-1B0F1A45605C}.Release|Any CPU.Build.0 = Release|Any CPU
		{7AE7A069-D6E8-4550-9F34-91BBEA7B8367}.Debug|Any CPU.ActiveCfg = Debug|Any CPU
		{7AE7A069-D6E8-4550-9F34-91BBEA7B8367}.Debug|Any CPU.Build.0 = Debug|Any CPU
		{7AE7A069-D6E8-4550-9F34-91BBEA7B8367}.Release|Any CPU.ActiveCfg = Release|Any CPU
		{7AE7A069-D6E8-4550-9F34-91BBEA7B8367}.Release|Any CPU.Build.0 = Release|Any CPU
		{CE24AE19-F36A-4BC2-AD16-7E7086D03DF4}.Debug|Any CPU.ActiveCfg = Debug|Any CPU
		{CE24AE19-F36A-4BC2-AD16-7E7086D03DF4}.Debug|Any CPU.Build.0 = Debug|Any CPU
		{CE24AE19-F36A-4BC2-AD16-7E7086D03DF4}.Release|Any CPU.ActiveCfg = Release|Any CPU
		{CE24AE19-F36A-4BC2-AD16-7E7086D03DF4}.Release|Any CPU.Build.0 = Release|Any CPU
		{9496A076-2FFF-43A6-9337-553DCC2A35D6}.Debug|Any CPU.ActiveCfg = Debug|Any CPU
		{9496A076-2FFF-43A6-9337-553DCC2A35D6}.Debug|Any CPU.Build.0 = Debug|Any CPU
		{9496A076-2FFF-43A6-9337-553DCC2A35D6}.Release|Any CPU.ActiveCfg = Release|Any CPU
		{9496A076-2FFF-43A6-9337-553DCC2A35D6}.Release|Any CPU.Build.0 = Release|Any CPU
	EndGlobalSection
	GlobalSection(SolutionProperties) = preSolution
		HideSolutionNode = FALSE
	EndGlobalSection
	GlobalSection(ExtensibilityGlobals) = postSolution
		SolutionGuid = {68359A32-BE98-44F5-91B1-DF58B021EC14}
	EndGlobalSection
EndGlobal
